
Microsoft Visual Studio Solution File, Format Version 12.00
# Visual Studio Version 16
VisualStudioVersion = 16.0.31321.278
MinimumVisualStudioVersion = 10.0.40219.1
Project("{FAE04EC0-301F-11D3-BF4B-00C04F79EFBC}") = "MVC App", "MVC App\MVC App.csproj", "{EF837AC9-8657-41A0-A6A2-F28E408C4196}"
EndProject
Global
	GlobalSection(SolutionConfigurationPlatforms) = preSolution
		Debug|Any CPU = Debug|Any CPU
		Release|Any CPU = Release|Any CPU
	EndGlobalSection
	GlobalSection(ProjectConfigurationPlatforms) = postSolution
		{EF837AC9-8657-41A0-A6A2-F28E408C4196}.Debug|Any CPU.ActiveCfg = Debug|Any CPU
		{EF837AC9-8657-41A0-A6A2-F28E408C4196}.Debug|Any CPU.Build.0 = Debug|Any CPU
		{EF837AC9-8657-41A0-A6A2-F28E408C4196}.Release|Any CPU.ActiveCfg = Release|Any CPU
		{EF837AC9-8657-41A0-A6A2-F28E408C4196}.Release|Any CPU.Build.0 = Release|Any CPU
	EndGlobalSection
	GlobalSection(SolutionProperties) = preSolution
		HideSolutionNode = FALSE
	EndGlobalSection
	GlobalSection(ExtensibilityGlobals) = postSolution
		SolutionGuid = {371492C3-8978-47BF-A6DB-FD771E5ACA2C}
	EndGlobalSection
EndGlobal
